
Microsoft Visual Studio Solution File, Format Version 12.00
# Visual Studio Version 16
VisualStudioVersion = 16.0.31729.503
MinimumVisualStudioVersion = 10.0.40219.1
Project("{FAE04EC0-301F-11D3-BF4B-00C04F79EFBC}") = "Karar Verme Teknikeri", "Karar Verme Teknikeri\Karar Verme Teknikeri.csproj", "{1A04ABA1-3762-4964-B4AD-0D69C81A687B}"
EndProject
Global
	GlobalSection(SolutionConfigurationPlatforms) = preSolution
		Debug|Any CPU = Debug|Any CPU
		Release|Any CPU = Release|Any CPU
	EndGlobalSection
	GlobalSection(ProjectConfigurationPlatforms) = postSolution
		{1A04ABA1-3762-4964-B4AD-0D69C81A687B}.Debug|Any CPU.ActiveCfg = Debug|Any CPU
		{1A04ABA1-3762-4964-B4AD-0D69C81A687B}.Debug|Any CPU.Build.0 = Debug|Any CPU
		{1A04ABA1-3762-4964-B4AD-0D69C81A687B}.Release|Any CPU.ActiveCfg = Release|Any CPU
		{1A04ABA1-3762-4964-B4AD-0D69C81A687B}.Release|Any CPU.Build.0 = Release|Any CPU
	EndGlobalSection
	GlobalSection(SolutionProperties) = preSolution
		HideSolutionNode = FALSE
	EndGlobalSection
	GlobalSection(ExtensibilityGlobals) = postSolution
		SolutionGuid = {AD60AD3D-0925-43F9-8BB5-8C648862AAF0}
	EndGlobalSection
EndGlobal
